
Microsoft Visual Studio Solution File, Format Version 12.00
# Visual Studio Version 17
VisualStudioVersion = 17.0.31912.275
MinimumVisualStudioVersion = 10.0.40219.1
Project("{FAE04EC0-301F-11D3-BF4B-00C04F79EFBC}") = "day7", "day7.csproj", "{BF62AE7A-0C79-4ADB-A238-8E4245F48D2C}"
EndProject
Global
	GlobalSection(SolutionConfigurationPlatforms) = preSolution
		Debug|Any CPU = Debug|Any CPU
		Release|Any CPU = Release|Any CPU
	EndGlobalSection
	GlobalSection(ProjectConfigurationPlatforms) = postSolution
		{BF62AE7A-0C79-4ADB-A238-8E4245F48D2C}.Debug|Any CPU.ActiveCfg = Debug|Any CPU
		{BF62AE7A-0C79-4ADB-A238-8E4245F48D2C}.Debug|Any CPU.Build.0 = Debug|Any CPU
		{BF62AE7A-0C79-4ADB-A238-8E4245F48D2C}.Release|Any CPU.ActiveCfg = Release|Any CPU
		{BF62AE7A-0C79-4ADB-A238-8E4245F48D2C}.Release|Any CPU.Build.0 = Release|Any CPU
	EndGlobalSection
	GlobalSection(SolutionProperties) = preSolution
		HideSolutionNode = FALSE
	EndGlobalSection
	GlobalSection(ExtensibilityGlobals) = postSolution
		SolutionGuid = {A6104D77-9937-47B1-A555-D4C58F5EC48A}
	EndGlobalSection
EndGlobal
